
Microsoft Visual Studio Solution File, Format Version 12.00
# Visual Studio Version 16
VisualStudioVersion = 16.0.31729.503
MinimumVisualStudioVersion = 10.0.40219.1
Project("{888888A0-9F3D-457C-B088-3A5042F75D52}") = "PythonApplicationTest", "PythonApplicationTest\PythonApplicationTest.pyproj", "{17F61459-AFFE-4051-9F96-F8212A1CFF2D}"
EndProject
Global
	GlobalSection(SolutionConfigurationPlatforms) = preSolution
		Debug|Any CPU = Debug|Any CPU
		Release|Any CPU = Release|Any CPU
	EndGlobalSection
	GlobalSection(ProjectConfigurationPlatforms) = postSolution
		{17F61459-AFFE-4051-9F96-F8212A1CFF2D}.Debug|Any CPU.ActiveCfg = Debug|Any CPU
		{17F61459-AFFE-4051-9F96-F8212A1CFF2D}.Release|Any CPU.ActiveCfg = Release|Any CPU
	EndGlobalSection
	GlobalSection(SolutionProperties) = preSolution
		HideSolutionNode = FALSE
	EndGlobalSection
	GlobalSection(ExtensibilityGlobals) = postSolution
		SolutionGuid = {FBD80FE2-CCD0-4E5A-A116-840B242B6251}
	EndGlobalSection
EndGlobal
