
Microsoft Visual Studio Solution File, Format Version 12.00
# Visual Studio Version 16
VisualStudioVersion = 16.0.31729.503
MinimumVisualStudioVersion = 10.0.40219.1
Project("{FAE04EC0-301F-11D3-BF4B-00C04F79EFBC}") = "SenservaSampleCsharpClassLibrary", "SenservaSampleCsharpClassLibrary\SenservaSampleCsharpClassLibrary.csproj", "{4A5B2B59-7167-4FFF-B84B-19063343EEE7}"
EndProject
Project("{FAE04EC0-301F-11D3-BF4B-00C04F79EFBC}") = "SenservaSampleClassLibraryTest", "SenservaSampleClassLibraryTest\SenservaSampleClassLibraryTest.csproj", "{EB7463F3-4BD7-4C93-93F8-A8F5BF58BFE7}"
EndProject
Global
	GlobalSection(SolutionConfigurationPlatforms) = preSolution
		Debug|Any CPU = Debug|Any CPU
		Release|Any CPU = Release|Any CPU
	EndGlobalSection
	GlobalSection(ProjectConfigurationPlatforms) = postSolution
		{4A5B2B59-7167-4FFF-B84B-19063343EEE7}.Debug|Any CPU.ActiveCfg = Debug|Any CPU
		{4A5B2B59-7167-4FFF-B84B-19063343EEE7}.Debug|Any CPU.Build.0 = Debug|Any CPU
		{4A5B2B59-7167-4FFF-B84B-19063343EEE7}.Release|Any CPU.ActiveCfg = Release|Any CPU
		{4A5B2B59-7167-4FFF-B84B-19063343EEE7}.Release|Any CPU.Build.0 = Release|Any CPU
		{EB7463F3-4BD7-4C93-93F8-A8F5BF58BFE7}.Debug|Any CPU.ActiveCfg = Debug|Any CPU
		{EB7463F3-4BD7-4C93-93F8-A8F5BF58BFE7}.Debug|Any CPU.Build.0 = Debug|Any CPU
		{EB7463F3-4BD7-4C93-93F8-A8F5BF58BFE7}.Release|Any CPU.ActiveCfg = Release|Any CPU
		{EB7463F3-4BD7-4C93-93F8-A8F5BF58BFE7}.Release|Any CPU.Build.0 = Release|Any CPU
	EndGlobalSection
	GlobalSection(SolutionProperties) = preSolution
		HideSolutionNode = FALSE
	EndGlobalSection
	GlobalSection(ExtensibilityGlobals) = postSolution
		SolutionGuid = {7A84BB26-4546-4597-8623-7E3C488A52A4}
	EndGlobalSection
EndGlobal
